{
  "name": "uniapp_vue3",
  "lockfileVersion": 2,
  "requires": true,
  "packages": {
    "": {
      "dependencies": {
        "dayjs": "^1.11.9",
        "pinia": "^2.1.7",
        "pinia-plugin-persistedstate": "^3.2.1",
        "uview-plus": "^3.1.36",
        "vue-i18n": "^9.14.0",
        "weixin-js-sdk": "^1.6.0"
      }
    },
    "node_modules/@babel/parser": {
      "version": "7.25.0",
      "resolved": "https://registry.npmmirror.com/@babel/parser/-/parser-7.25.0.tgz",
      "integrity": "sha512-CzdIU9jdP0dg7HdyB+bHvDJGagUv+qtzZt5rYCWwW6tITNqV9odjp6Qu41gkG0ca5UfdDUWrKkiAnHHdGRnOrA==",
      "license": "MIT",
      "peer": true,
      "bin": {
        "parser": "bin/babel-parser.js"
      },
      "engines": {
        "node": ">=6.0.0"
      }
    },
    "node_modules/@intlify/core-base": {
      "version": "9.14.0",
      "resolved": "https://registry.npmmirror.com/@intlify/core-base/-/core-base-9.14.0.tgz",
      "integrity": "sha512-zJn0imh9HIsZZUtt9v8T16PeVstPv6bP2YzlrYJwoF8F30gs4brZBwW2KK6EI5WYKFi3NeqX6+UU4gniz5TkGg==",
      "license": "MIT",
      "dependencies": {
        "@intlify/message-compiler": "9.14.0",
        "@intlify/shared": "9.14.0"
      },
      "engines": {
        "node": ">= 16"
      },
      "funding": {
        "url": "https://github.com/sponsors/kazupon"
      }
    },
    "node_modules/@intlify/message-compiler": {
      "version": "9.14.0",
      "resolved": "https://registry.npmmirror.com/@intlify/message-compiler/-/message-compiler-9.14.0.tgz",
      "integrity": "sha512-sXNsoMI0YsipSXW8SR75drmVK56tnJHoYbPXUv2Cf9lz6FzvwsosFm6JtC1oQZI/kU+n7qx0qRrEWkeYFTgETA==",
      "license": "MIT",
      "dependencies": {
        "@intlify/shared": "9.14.0",
        "source-map-js": "^1.0.2"
      },
      "engines": {
        "node": ">= 16"
      },
      "funding": {
        "url": "https://github.com/sponsors/kazupon"
      }
    },
    "node_modules/@intlify/shared": {
      "version": "9.14.0",
      "resolved": "https://registry.npmmirror.com/@intlify/shared/-/shared-9.14.0.tgz",
      "integrity": "sha512-r+N8KRQL7LgN1TMTs1A2svfuAU0J94Wu9wWdJVJqYsoMMLIeJxrPjazihfHpmJqfgZq0ah3Y9Q4pgWV2O90Fyg==",
      "license": "MIT",
      "engines": {
        "node": ">= 16"
      },
      "funding": {
        "url": "https://github.com/sponsors/kazupon"
      }
    },
    "node_modules/@jridgewell/sourcemap-codec": {
      "version": "1.5.0",
      "resolved": "https://registry.npmmirror.com/@jridgewell/sourcemap-codec/-/sourcemap-codec-1.5.0.tgz",
      "integrity": "sha512-gv3ZRaISU3fjPAgNsriBRqGWQL6quFx04YMPW/zD8XMLsU32mhCCbfbO6KZFLjvYpCZ8zyDEgqsgf+PwPaM7GQ==",
      "license": "MIT",
      "peer": true
    },
    "node_modules/@vue/compiler-core": {
      "version": "3.4.34",
      "resolved": "https://registry.npmmirror.com/@vue/compiler-core/-/compiler-core-3.4.34.tgz",
      "integrity": "sha512-Z0izUf32+wAnQewjHu+pQf1yw00EGOmevl1kE+ljjjMe7oEfpQ+BI3/JNK7yMB4IrUsqLDmPecUrpj3mCP+yJQ==",
      "license": "MIT",
      "peer": true,
      "dependencies": {
        "@babel/parser": "^7.24.7",
        "@vue/shared": "3.4.34",
        "entities": "^4.5.0",
        "estree-walker": "^2.0.2",
        "source-map-js": "^1.2.0"
      }
    },
    "node_modules/@vue/compiler-dom": {
      "version": "3.4.34",
      "resolved": "https://registry.npmmirror.com/@vue/compiler-dom/-/compiler-dom-3.4.34.tgz",
      "integrity": "sha512-3PUOTS1h5cskdOJMExCu2TInXuM0j60DRPpSCJDqOCupCfUZCJoyQmKtRmA8EgDNZ5kcEE7vketamRZfrEuVDw==",
      "license": "MIT",
      "peer": true,
      "dependencies": {
        "@vue/compiler-core": "3.4.34",
        "@vue/shared": "3.4.34"
      }
    },
    "node_modules/@vue/compiler-sfc": {
      "version": "3.4.34",
      "resolved": "https://registry.npmmirror.com/@vue/compiler-sfc/-/compiler-sfc-3.4.34.tgz",
      "integrity": "sha512-x6lm0UrM03jjDXTPZgD9Ad8bIVD1ifWNit2EaWQIZB5CULr46+FbLQ5RpK7AXtDHGjx9rmvC7QRCTjsiGkAwRw==",
      "license": "MIT",
      "peer": true,
      "dependencies": {
        "@babel/parser": "^7.24.7",
        "@vue/compiler-core": "3.4.34",
        "@vue/compiler-dom": "3.4.34",
        "@vue/compiler-ssr": "3.4.34",
        "@vue/shared": "3.4.34",
        "estree-walker": "^2.0.2",
        "magic-string": "^0.30.10",
        "postcss": "^8.4.39",
        "source-map-js": "^1.2.0"
      }
    },
    "node_modules/@vue/compiler-ssr": {
      "version": "3.4.34",
      "resolved": "https://registry.npmmirror.com/@vue/compiler-ssr/-/compiler-ssr-3.4.34.tgz",
      "integrity": "sha512-8TDBcLaTrFm5rnF+Qm4BlliaopJgqJ28Nsrc80qazynm5aJO+Emu7y0RWw34L8dNnTRdcVBpWzJxhGYzsoVu4g==",
      "license": "MIT",
      "peer": true,
      "dependencies": {
        "@vue/compiler-dom": "3.4.34",
        "@vue/shared": "3.4.34"
      }
    },
    "node_modules/@vue/devtools-api": {
      "version": "6.5.1",
      "resolved": "https://registry.npmmirror.com/@vue/devtools-api/-/devtools-api-6.5.1.tgz",
      "integrity": "sha512-+KpckaAQyfbvshdDW5xQylLni1asvNSGme1JFs8I1+/H5pHEhqUKMEQD/qn3Nx5+/nycBq11qAEi8lk+LXI2dA=="
    },
    "node_modules/@vue/reactivity": {
      "version": "3.4.34",
      "resolved": "https://registry.npmmirror.com/@vue/reactivity/-/reactivity-3.4.34.tgz",
      "integrity": "sha512-ua+Lo+wBRlBEX9TtgPOShE2JwIO7p6BTZ7t1KZVPoaBRfqbC7N3c8Mpzicx173fXxx5VXeU6ykiHo7WgLzJQDA==",
      "license": "MIT",
      "peer": true,
      "dependencies": {
        "@vue/shared": "3.4.34"
      }
    },
    "node_modules/@vue/runtime-core": {
      "version": "3.4.34",
      "resolved": "https://registry.npmmirror.com/@vue/runtime-core/-/runtime-core-3.4.34.tgz",
      "integrity": "sha512-PXhkiRPwcPGJ1BnyBZFI96GfInCVskd0HPNIAZn7i3YOmLbtbTZpB7/kDTwC1W7IqdGPkTVC63IS7J2nZs4Ebg==",
      "license": "MIT",
      "peer": true,
      "dependencies": {
        "@vue/reactivity": "3.4.34",
        "@vue/shared": "3.4.34"
      }
    },
    "node_modules/@vue/runtime-dom": {
      "version": "3.4.34",
      "resolved": "https://registry.npmmirror.com/@vue/runtime-dom/-/runtime-dom-3.4.34.tgz",
      "integrity": "sha512-dXqIe+RqFAK2Euak4UsvbIupalrhc67OuQKpD7HJ3W2fv8jlqvI7szfBCsAEcE8o/wyNpkloxB6J8viuF/E3gw==",
      "license": "MIT",
      "peer": true,
      "dependencies": {
        "@vue/reactivity": "3.4.34",
        "@vue/runtime-core": "3.4.34",
        "@vue/shared": "3.4.34",
        "csstype": "^3.1.3"
      }
    },
    "node_modules/@vue/server-renderer": {
      "version": "3.4.34",
      "resolved": "https://registry.npmmirror.com/@vue/server-renderer/-/server-renderer-3.4.34.tgz",
      "integrity": "sha512-GeyEUfMVRZMD/mZcNONEqg7MiU10QQ1DB3O/Qr6+8uXpbwdlmVgQ5Qs1/ZUAFX1X2UUtqMoGrDRbxdWfOJFT7Q==",
      "license": "MIT",
      "peer": true,
      "dependencies": {
        "@vue/compiler-ssr": "3.4.34",
        "@vue/shared": "3.4.34"
      },
      "peerDependencies": {
        "vue": "3.4.34"
      }
    },
    "node_modules/@vue/shared": {
      "version": "3.4.34",
      "resolved": "https://registry.npmmirror.com/@vue/shared/-/shared-3.4.34.tgz",
      "integrity": "sha512-x5LmiRLpRsd9KTjAB8MPKf0CDPMcuItjP0gbNqFCIgL1I8iYp4zglhj9w9FPCdIbHG2M91RVeIbArFfFTz9I3A==",
      "license": "MIT",
      "peer": true
    },
    "node_modules/clipboard": {
      "version": "2.0.11",
      "resolved": "https://registry.npmmirror.com/clipboard/-/clipboard-2.0.11.tgz",
      "integrity": "sha512-C+0bbOqkezLIsmWSvlsXS0Q0bmkugu7jcfMIACB+RDEntIzQIkdr148we28AfSloQLRdZlYL/QYyrq05j/3Faw==",
      "dependencies": {
        "good-listener": "^1.2.2",
        "select": "^1.1.2",
        "tiny-emitter": "^2.0.0"
      }
    },
    "node_modules/csstype": {
      "version": "3.1.3",
      "resolved": "https://registry.npmmirror.com/csstype/-/csstype-3.1.3.tgz",
      "integrity": "sha512-M1uQkMl8rQK/szD0LNhtqxIPLpimGm8sOBwU7lLnCpSbTyY3yeU1Vc7l4KT5zT4s/yOxHH5O7tIuuLOCnLADRw==",
      "license": "MIT",
      "peer": true
    },
    "node_modules/dayjs": {
      "version": "1.11.9",
      "resolved": "https://registry.npmmirror.com/dayjs/-/dayjs-1.11.9.tgz",
      "integrity": "sha512-QvzAURSbQ0pKdIye2txOzNaHmxtUBXerpY0FJsFXUMKbIZeFm5ht1LS/jFsrncjnmtv8HsG0W2g6c0zUjZWmpA=="
    },
    "node_modules/delegate": {
      "version": "3.2.0",
      "resolved": "https://registry.npmmirror.com/delegate/-/delegate-3.2.0.tgz",
      "integrity": "sha512-IofjkYBZaZivn0V8nnsMJGBr4jVLxHDheKSW88PyxS5QC4Vo9ZbZVvhzlSxY87fVq3STR6r+4cGepyHkcWOQSw=="
    },
    "node_modules/entities": {
      "version": "4.5.0",
      "resolved": "https://registry.npmmirror.com/entities/-/entities-4.5.0.tgz",
      "integrity": "sha512-V0hjH4dGPh9Ao5p0MoRY6BVqtwCjhz6vI5LT8AJ55H+4g9/4vbHx1I54fS0XuclLhDHArPQCiMjDxjaL8fPxhw==",
      "license": "BSD-2-Clause",
      "peer": true,
      "engines": {
        "node": ">=0.12"
      },
      "funding": {
        "url": "https://github.com/fb55/entities?sponsor=1"
      }
    },
    "node_modules/estree-walker": {
      "version": "2.0.2",
      "resolved": "https://registry.npmmirror.com/estree-walker/-/estree-walker-2.0.2.tgz",
      "integrity": "sha512-Rfkk/Mp/DL7JVje3u18FxFujQlTNR2q6QfMSMB7AvCBx91NGj/ba3kCfza0f6dVDbw7YlRf/nDrn7pQrCCyQ/w==",
      "license": "MIT",
      "peer": true
    },
    "node_modules/good-listener": {
      "version": "1.2.2",
      "resolved": "https://registry.npmmirror.com/good-listener/-/good-listener-1.2.2.tgz",
      "integrity": "sha512-goW1b+d9q/HIwbVYZzZ6SsTr4IgE+WA44A0GmPIQstuOrgsFcT7VEJ48nmr9GaRtNu0XTKacFLGnBPAM6Afouw==",
      "dependencies": {
        "delegate": "^3.1.2"
      }
    },
    "node_modules/magic-string": {
      "version": "0.30.10",
      "resolved": "https://registry.npmmirror.com/magic-string/-/magic-string-0.30.10.tgz",
      "integrity": "sha512-iIRwTIf0QKV3UAnYK4PU8uiEc4SRh5jX0mwpIwETPpHdhVM4f53RSwS/vXvN1JhGX+Cs7B8qIq3d6AH49O5fAQ==",
      "license": "MIT",
      "peer": true,
      "dependencies": {
        "@jridgewell/sourcemap-codec": "^1.4.15"
      }
    },
    "node_modules/nanoid": {
      "version": "3.3.7",
      "resolved": "https://registry.npmmirror.com/nanoid/-/nanoid-3.3.7.tgz",
      "integrity": "sha512-eSRppjcPIatRIMC1U6UngP8XFcz8MQWGQdt1MTBQ7NaAmvXDfvNxbvWV3x2y6CdEUciCSsDHDQZbhYaB8QEo2g==",
      "funding": [
        {
          "type": "github",
          "url": "https://github.com/sponsors/ai"
        }
      ],
      "license": "MIT",
      "peer": true,
      "bin": {
        "nanoid": "bin/nanoid.cjs"
      },
      "engines": {
        "node": "^10 || ^12 || ^13.7 || ^14 || >=15.0.1"
      }
    },
    "node_modules/picocolors": {
      "version": "1.0.1",
      "resolved": "https://registry.npmmirror.com/picocolors/-/picocolors-1.0.1.tgz",
      "integrity": "sha512-anP1Z8qwhkbmu7MFP5iTt+wQKXgwzf7zTyGlcdzabySa9vd0Xt392U0rVmz9poOaBj0uHJKyyo9/upk0HrEQew==",
      "license": "ISC",
      "peer": true
    },
    "node_modules/pinia": {
      "version": "2.1.7",
      "resolved": "https://registry.npmmirror.com/pinia/-/pinia-2.1.7.tgz",
      "integrity": "sha512-+C2AHFtcFqjPih0zpYuvof37SFxMQ7OEG2zV9jRI12i9BOy3YQVAHwdKtyyc8pDcDyIc33WCIsZaCFWU7WWxGQ==",
      "dependencies": {
        "@vue/devtools-api": "^6.5.0",
        "vue-demi": ">=0.14.5"
      },
      "peerDependencies": {
        "@vue/composition-api": "^1.4.0",
        "typescript": ">=4.4.4",
        "vue": "^2.6.14 || ^3.3.0"
      },
      "peerDependenciesMeta": {
        "@vue/composition-api": {
          "optional": true
        },
        "typescript": {
          "optional": true
        }
      }
    },
    "node_modules/pinia-plugin-persistedstate": {
      "version": "3.2.1",
      "resolved": "https://registry.npmmirror.com/pinia-plugin-persistedstate/-/pinia-plugin-persistedstate-3.2.1.tgz",
      "integrity": "sha512-MK++8LRUsGF7r45PjBFES82ISnPzyO6IZx3CH5vyPseFLZCk1g2kgx6l/nW8pEBKxxd4do0P6bJw+mUSZIEZUQ==",
      "peerDependencies": {
        "pinia": "^2.0.0"
      }
    },
    "node_modules/postcss": {
      "version": "8.4.40",
      "resolved": "https://registry.npmmirror.com/postcss/-/postcss-8.4.40.tgz",
      "integrity": "sha512-YF2kKIUzAofPMpfH6hOi2cGnv/HrUlfucspc7pDyvv7kGdqXrfj8SCl/t8owkEgKEuu8ZcRjSOxFxVLqwChZ2Q==",
      "funding": [
        {
          "type": "opencollective",
          "url": "https://opencollective.com/postcss/"
        },
        {
          "type": "tidelift",
          "url": "https://tidelift.com/funding/github/npm/postcss"
        },
        {
          "type": "github",
          "url": "https://github.com/sponsors/ai"
        }
      ],
      "license": "MIT",
      "peer": true,
      "dependencies": {
        "nanoid": "^3.3.7",
        "picocolors": "^1.0.1",
        "source-map-js": "^1.2.0"
      },
      "engines": {
        "node": "^10 || ^12 || >=14"
      }
    },
    "node_modules/select": {
      "version": "1.1.2",
      "resolved": "https://registry.npmmirror.com/select/-/select-1.1.2.tgz",
      "integrity": "sha512-OwpTSOfy6xSs1+pwcNrv0RBMOzI39Lp3qQKUTPVVPRjCdNa5JH/oPRiqsesIskK8TVgmRiHwO4KXlV2Li9dANA=="
    },
    "node_modules/source-map-js": {
      "version": "1.2.0",
      "resolved": "https://registry.npmmirror.com/source-map-js/-/source-map-js-1.2.0.tgz",
      "integrity": "sha512-itJW8lvSA0TXEphiRoawsCksnlf8SyvmFzIhltqAHluXd88pkCd+cXJVHTDwdCr0IzwptSm035IHQktUu1QUMg==",
      "license": "BSD-3-Clause",
      "engines": {
        "node": ">=0.10.0"
      }
    },
    "node_modules/tiny-emitter": {
      "version": "2.1.0",
      "resolved": "https://registry.npmmirror.com/tiny-emitter/-/tiny-emitter-2.1.0.tgz",
      "integrity": "sha512-NB6Dk1A9xgQPMoGqC5CVXn123gWyte215ONT5Pp5a0yt4nlEoO1ZWeCwpncaekPHXO60i47ihFnZPiRPjRMq4Q=="
    },
    "node_modules/uview-plus": {
      "version": "3.1.37",
      "resolved": "https://registry.npmmirror.com/uview-plus/-/uview-plus-3.1.37.tgz",
      "integrity": "sha512-jY8Hiq0P/1KhEQNf9+2OwjVbORZN1Y6L0XJIgd/evLXjUTmRdjujxkN42AYlUyKZtbQTwQpE7W6gAYqgpYKCnw==",
      "dependencies": {
        "clipboard": "^2.0.11",
        "dayjs": "^1.11.3"
      },
      "engines": {
        "HBuilderX": "^3.1.0"
      }
    },
    "node_modules/vue": {
      "version": "3.4.34",
      "resolved": "https://registry.npmmirror.com/vue/-/vue-3.4.34.tgz",
      "integrity": "sha512-VZze05HWlA3ItreQ/ka7Sx7PoD0/3St8FEiSlSTVgb6l4hL+RjtP2/8g5WQBzZgyf8WG2f+g1bXzC7zggLhAJA==",
      "license": "MIT",
      "peer": true,
      "dependencies": {
        "@vue/compiler-dom": "3.4.34",
        "@vue/compiler-sfc": "3.4.34",
        "@vue/runtime-dom": "3.4.34",
        "@vue/server-renderer": "3.4.34",
        "@vue/shared": "3.4.34"
      },
      "peerDependencies": {
        "typescript": "*"
      },
      "peerDependenciesMeta": {
        "typescript": {
          "optional": true
        }
      }
    },
    "node_modules/vue-demi": {
      "version": "0.14.6",
      "resolved": "https://registry.npmmirror.com/vue-demi/-/vue-demi-0.14.6.tgz",
      "integrity": "sha512-8QA7wrYSHKaYgUxDA5ZC24w+eHm3sYCbp0EzcDwKqN3p6HqtTCGR/GVsPyZW92unff4UlcSh++lmqDWN3ZIq4w==",
      "hasInstallScript": true,
      "bin": {
        "vue-demi-fix": "bin/vue-demi-fix.js",
        "vue-demi-switch": "bin/vue-demi-switch.js"
      },
      "engines": {
        "node": ">=12"
      },
      "peerDependencies": {
        "@vue/composition-api": "^1.0.0-rc.1",
        "vue": "^3.0.0-0 || ^2.6.0"
      },
      "peerDependenciesMeta": {
        "@vue/composition-api": {
          "optional": true
        }
      }
    },
    "node_modules/vue-i18n": {
      "version": "9.14.0",
      "resolved": "https://registry.npmmirror.com/vue-i18n/-/vue-i18n-9.14.0.tgz",
      "integrity": "sha512-LxmpRuCt2rI8gqU+kxeflRZMQn4D5+4M3oP3PWZdowW/ePJraHqhF7p4CuaME52mUxdw3Mmy2yAUKgfZYgCRjA==",
      "license": "MIT",
      "dependencies": {
        "@intlify/core-base": "9.14.0",
        "@intlify/shared": "9.14.0",
        "@vue/devtools-api": "^6.5.0"
      },
      "engines": {
        "node": ">= 16"
      },
      "funding": {
        "url": "https://github.com/sponsors/kazupon"
      },
      "peerDependencies": {
        "vue": "^3.0.0"
      }
    },
    "node_modules/weixin-js-sdk": {
      "version": "1.6.0",
      "resolved": "https://registry.npmmirror.com/weixin-js-sdk/-/weixin-js-sdk-1.6.0.tgz",
      "integrity": "sha512-3IYQH7aalJGFJrwdT3epvTdR1MboMiH7vIZ5BRL2eYOJ12BNah7csoMkmSZzkq1+l92sSq29XdTCVjCJoK2sBQ=="
    }
  },
  "dependencies": {
    "@babel/parser": {
      "version": "7.25.0",
      "resolved": "https://registry.npmmirror.com/@babel/parser/-/parser-7.25.0.tgz",
      "integrity": "sha512-CzdIU9jdP0dg7HdyB+bHvDJGagUv+qtzZt5rYCWwW6tITNqV9odjp6Qu41gkG0ca5UfdDUWrKkiAnHHdGRnOrA==",
      "peer": true
    },
    "@intlify/core-base": {
      "version": "9.14.0",
      "resolved": "https://registry.npmmirror.com/@intlify/core-base/-/core-base-9.14.0.tgz",
      "integrity": "sha512-zJn0imh9HIsZZUtt9v8T16PeVstPv6bP2YzlrYJwoF8F30gs4brZBwW2KK6EI5WYKFi3NeqX6+UU4gniz5TkGg==",
      "requires": {
        "@intlify/message-compiler": "9.14.0",
        "@intlify/shared": "9.14.0"
      }
    },
    "@intlify/message-compiler": {
      "version": "9.14.0",
      "resolved": "https://registry.npmmirror.com/@intlify/message-compiler/-/message-compiler-9.14.0.tgz",
      "integrity": "sha512-sXNsoMI0YsipSXW8SR75drmVK56tnJHoYbPXUv2Cf9lz6FzvwsosFm6JtC1oQZI/kU+n7qx0qRrEWkeYFTgETA==",
      "requires": {
        "@intlify/shared": "9.14.0",
        "source-map-js": "^1.0.2"
      }
    },
    "@intlify/shared": {
      "version": "9.14.0",
      "resolved": "https://registry.npmmirror.com/@intlify/shared/-/shared-9.14.0.tgz",
      "integrity": "sha512-r+N8KRQL7LgN1TMTs1A2svfuAU0J94Wu9wWdJVJqYsoMMLIeJxrPjazihfHpmJqfgZq0ah3Y9Q4pgWV2O90Fyg=="
    },
    "@jridgewell/sourcemap-codec": {
      "version": "1.5.0",
      "resolved": "https://registry.npmmirror.com/@jridgewell/sourcemap-codec/-/sourcemap-codec-1.5.0.tgz",
      "integrity": "sha512-gv3ZRaISU3fjPAgNsriBRqGWQL6quFx04YMPW/zD8XMLsU32mhCCbfbO6KZFLjvYpCZ8zyDEgqsgf+PwPaM7GQ==",
      "peer": true
    },
    "@vue/compiler-core": {
      "version": "3.4.34",
      "resolved": "https://registry.npmmirror.com/@vue/compiler-core/-/compiler-core-3.4.34.tgz",
      "integrity": "sha512-Z0izUf32+wAnQewjHu+pQf1yw00EGOmevl1kE+ljjjMe7oEfpQ+BI3/JNK7yMB4IrUsqLDmPecUrpj3mCP+yJQ==",
      "peer": true,
      "requires": {
        "@babel/parser": "^7.24.7",
        "@vue/shared": "3.4.34",
        "entities": "^4.5.0",
        "estree-walker": "^2.0.2",
        "source-map-js": "^1.2.0"
      }
    },
    "@vue/compiler-dom": {
      "version": "3.4.34",
      "resolved": "https://registry.npmmirror.com/@vue/compiler-dom/-/compiler-dom-3.4.34.tgz",
      "integrity": "sha512-3PUOTS1h5cskdOJMExCu2TInXuM0j60DRPpSCJDqOCupCfUZCJoyQmKtRmA8EgDNZ5kcEE7vketamRZfrEuVDw==",
      "peer": true,
      "requires": {
        "@vue/compiler-core": "3.4.34",
        "@vue/shared": "3.4.34"
      }
    },
    "@vue/compiler-sfc": {
      "version": "3.4.34",
      "resolved": "https://registry.npmmirror.com/@vue/compiler-sfc/-/compiler-sfc-3.4.34.tgz",
      "integrity": "sha512-x6lm0UrM03jjDXTPZgD9Ad8bIVD1ifWNit2EaWQIZB5CULr46+FbLQ5RpK7AXtDHGjx9rmvC7QRCTjsiGkAwRw==",
      "peer": true,
      "requires": {
        "@babel/parser": "^7.24.7",
        "@vue/compiler-core": "3.4.34",
        "@vue/compiler-dom": "3.4.34",
        "@vue/compiler-ssr": "3.4.34",
        "@vue/shared": "3.4.34",
        "estree-walker": "^2.0.2",
        "magic-string": "^0.30.10",
        "postcss": "^8.4.39",
        "source-map-js": "^1.2.0"
      }
    },
    "@vue/compiler-ssr": {
      "version": "3.4.34",
      "resolved": "https://registry.npmmirror.com/@vue/compiler-ssr/-/compiler-ssr-3.4.34.tgz",
      "integrity": "sha512-8TDBcLaTrFm5rnF+Qm4BlliaopJgqJ28Nsrc80qazynm5aJO+Emu7y0RWw34L8dNnTRdcVBpWzJxhGYzsoVu4g==",
      "peer": true,
      "requires": {
        "@vue/compiler-dom": "3.4.34",
        "@vue/shared": "3.4.34"
      }
    },
    "@vue/devtools-api": {
      "version": "6.5.1",
      "resolved": "https://registry.npmmirror.com/@vue/devtools-api/-/devtools-api-6.5.1.tgz",
      "integrity": "sha512-+KpckaAQyfbvshdDW5xQylLni1asvNSGme1JFs8I1+/H5pHEhqUKMEQD/qn3Nx5+/nycBq11qAEi8lk+LXI2dA=="
    },
    "@vue/reactivity": {
      "version": "3.4.34",
      "resolved": "https://registry.npmmirror.com/@vue/reactivity/-/reactivity-3.4.34.tgz",
      "integrity": "sha512-ua+Lo+wBRlBEX9TtgPOShE2JwIO7p6BTZ7t1KZVPoaBRfqbC7N3c8Mpzicx173fXxx5VXeU6ykiHo7WgLzJQDA==",
      "peer": true,
      "requires": {
        "@vue/shared": "3.4.34"
      }
    },
    "@vue/runtime-core": {
      "version": "3.4.34",
      "resolved": "https://registry.npmmirror.com/@vue/runtime-core/-/runtime-core-3.4.34.tgz",
      "integrity": "sha512-PXhkiRPwcPGJ1BnyBZFI96GfInCVskd0HPNIAZn7i3YOmLbtbTZpB7/kDTwC1W7IqdGPkTVC63IS7J2nZs4Ebg==",
      "peer": true,
      "requires": {
        "@vue/reactivity": "3.4.34",
        "@vue/shared": "3.4.34"
      }
    },
    "@vue/runtime-dom": {
      "version": "3.4.34",
      "resolved": "https://registry.npmmirror.com/@vue/runtime-dom/-/runtime-dom-3.4.34.tgz",
      "integrity": "sha512-dXqIe+RqFAK2Euak4UsvbIupalrhc67OuQKpD7HJ3W2fv8jlqvI7szfBCsAEcE8o/wyNpkloxB6J8viuF/E3gw==",
      "peer": true,
      "requires": {
        "@vue/reactivity": "3.4.34",
        "@vue/runtime-core": "3.4.34",
        "@vue/shared": "3.4.34",
        "csstype": "^3.1.3"
      }
    },
    "@vue/server-renderer": {
      "version": "3.4.34",
      "resolved": "https://registry.npmmirror.com/@vue/server-renderer/-/server-renderer-3.4.34.tgz",
      "integrity": "sha512-GeyEUfMVRZMD/mZcNONEqg7MiU10QQ1DB3O/Qr6+8uXpbwdlmVgQ5Qs1/ZUAFX1X2UUtqMoGrDRbxdWfOJFT7Q==",
      "peer": true,
      "requires": {
        "@vue/compiler-ssr": "3.4.34",
        "@vue/shared": "3.4.34"
      }
    },
    "@vue/shared": {
      "version": "3.4.34",
      "resolved": "https://registry.npmmirror.com/@vue/shared/-/shared-3.4.34.tgz",
      "integrity": "sha512-x5LmiRLpRsd9KTjAB8MPKf0CDPMcuItjP0gbNqFCIgL1I8iYp4zglhj9w9FPCdIbHG2M91RVeIbArFfFTz9I3A==",
      "peer": true
    },
    "clipboard": {
      "version": "2.0.11",
      "resolved": "https://registry.npmmirror.com/clipboard/-/clipboard-2.0.11.tgz",
      "integrity": "sha512-C+0bbOqkezLIsmWSvlsXS0Q0bmkugu7jcfMIACB+RDEntIzQIkdr148we28AfSloQLRdZlYL/QYyrq05j/3Faw==",
      "requires": {
        "good-listener": "^1.2.2",
        "select": "^1.1.2",
        "tiny-emitter": "^2.0.0"
      }
    },
    "csstype": {
      "version": "3.1.3",
      "resolved": "https://registry.npmmirror.com/csstype/-/csstype-3.1.3.tgz",
      "integrity": "sha512-M1uQkMl8rQK/szD0LNhtqxIPLpimGm8sOBwU7lLnCpSbTyY3yeU1Vc7l4KT5zT4s/yOxHH5O7tIuuLOCnLADRw==",
      "peer": true
    },
    "dayjs": {
      "version": "1.11.9",
      "resolved": "https://registry.npmmirror.com/dayjs/-/dayjs-1.11.9.tgz",
      "integrity": "sha512-QvzAURSbQ0pKdIye2txOzNaHmxtUBXerpY0FJsFXUMKbIZeFm5ht1LS/jFsrncjnmtv8HsG0W2g6c0zUjZWmpA=="
    },
    "delegate": {
      "version": "3.2.0",
      "resolved": "https://registry.npmmirror.com/delegate/-/delegate-3.2.0.tgz",
      "integrity": "sha512-IofjkYBZaZivn0V8nnsMJGBr4jVLxHDheKSW88PyxS5QC4Vo9ZbZVvhzlSxY87fVq3STR6r+4cGepyHkcWOQSw=="
    },
    "entities": {
      "version": "4.5.0",
      "resolved": "https://registry.npmmirror.com/entities/-/entities-4.5.0.tgz",
      "integrity": "sha512-V0hjH4dGPh9Ao5p0MoRY6BVqtwCjhz6vI5LT8AJ55H+4g9/4vbHx1I54fS0XuclLhDHArPQCiMjDxjaL8fPxhw==",
      "peer": true
    },
    "estree-walker": {
      "version": "2.0.2",
      "resolved": "https://registry.npmmirror.com/estree-walker/-/estree-walker-2.0.2.tgz",
      "integrity": "sha512-Rfkk/Mp/DL7JVje3u18FxFujQlTNR2q6QfMSMB7AvCBx91NGj/ba3kCfza0f6dVDbw7YlRf/nDrn7pQrCCyQ/w==",
      "peer": true
    },
    "good-listener": {
      "version": "1.2.2",
      "resolved": "https://registry.npmmirror.com/good-listener/-/good-listener-1.2.2.tgz",
      "integrity": "sha512-goW1b+d9q/HIwbVYZzZ6SsTr4IgE+WA44A0GmPIQstuOrgsFcT7VEJ48nmr9GaRtNu0XTKacFLGnBPAM6Afouw==",
      "requires": {
        "delegate": "^3.1.2"
      }
    },
    "magic-string": {
      "version": "0.30.10",
      "resolved": "https://registry.npmmirror.com/magic-string/-/magic-string-0.30.10.tgz",
      "integrity": "sha512-iIRwTIf0QKV3UAnYK4PU8uiEc4SRh5jX0mwpIwETPpHdhVM4f53RSwS/vXvN1JhGX+Cs7B8qIq3d6AH49O5fAQ==",
      "peer": true,
      "requires": {
        "@jridgewell/sourcemap-codec": "^1.4.15"
      }
    },
    "nanoid": {
      "version": "3.3.7",
      "resolved": "https://registry.npmmirror.com/nanoid/-/nanoid-3.3.7.tgz",
      "integrity": "sha512-eSRppjcPIatRIMC1U6UngP8XFcz8MQWGQdt1MTBQ7NaAmvXDfvNxbvWV3x2y6CdEUciCSsDHDQZbhYaB8QEo2g==",
      "peer": true
    },
    "picocolors": {
      "version": "1.0.1",
      "resolved": "https://registry.npmmirror.com/picocolors/-/picocolors-1.0.1.tgz",
      "integrity": "sha512-anP1Z8qwhkbmu7MFP5iTt+wQKXgwzf7zTyGlcdzabySa9vd0Xt392U0rVmz9poOaBj0uHJKyyo9/upk0HrEQew==",
      "peer": true
    },
    "pinia": {
      "version": "2.1.7",
      "resolved": "https://registry.npmmirror.com/pinia/-/pinia-2.1.7.tgz",
      "integrity": "sha512-+C2AHFtcFqjPih0zpYuvof37SFxMQ7OEG2zV9jRI12i9BOy3YQVAHwdKtyyc8pDcDyIc33WCIsZaCFWU7WWxGQ==",
      "requires": {
        "@vue/devtools-api": "^6.5.0",
        "vue-demi": ">=0.14.5"
      }
    },
    "pinia-plugin-persistedstate": {
      "version": "3.2.1",
      "resolved": "https://registry.npmmirror.com/pinia-plugin-persistedstate/-/pinia-plugin-persistedstate-3.2.1.tgz",
      "integrity": "sha512-MK++8LRUsGF7r45PjBFES82ISnPzyO6IZx3CH5vyPseFLZCk1g2kgx6l/nW8pEBKxxd4do0P6bJw+mUSZIEZUQ==",
      "requires": {}
    },
    "postcss": {
      "version": "8.4.40",
      "resolved": "https://registry.npmmirror.com/postcss/-/postcss-8.4.40.tgz",
      "integrity": "sha512-YF2kKIUzAofPMpfH6hOi2cGnv/HrUlfucspc7pDyvv7kGdqXrfj8SCl/t8owkEgKEuu8ZcRjSOxFxVLqwChZ2Q==",
      "peer": true,
      "requires": {
        "nanoid": "^3.3.7",
        "picocolors": "^1.0.1",
        "source-map-js": "^1.2.0"
      }
    },
    "select": {
      "version": "1.1.2",
      "resolved": "https://registry.npmmirror.com/select/-/select-1.1.2.tgz",
      "integrity": "sha512-OwpTSOfy6xSs1+pwcNrv0RBMOzI39Lp3qQKUTPVVPRjCdNa5JH/oPRiqsesIskK8TVgmRiHwO4KXlV2Li9dANA=="
    },
    "source-map-js": {
      "version": "1.2.0",
      "resolved": "https://registry.npmmirror.com/source-map-js/-/source-map-js-1.2.0.tgz",
      "integrity": "sha512-itJW8lvSA0TXEphiRoawsCksnlf8SyvmFzIhltqAHluXd88pkCd+cXJVHTDwdCr0IzwptSm035IHQktUu1QUMg=="
    },
    "tiny-emitter": {
      "version": "2.1.0",
      "resolved": "https://registry.npmmirror.com/tiny-emitter/-/tiny-emitter-2.1.0.tgz",
      "integrity": "sha512-NB6Dk1A9xgQPMoGqC5CVXn123gWyte215ONT5Pp5a0yt4nlEoO1ZWeCwpncaekPHXO60i47ihFnZPiRPjRMq4Q=="
    },
    "uview-plus": {
      "version": "3.1.37",
      "resolved": "https://registry.npmmirror.com/uview-plus/-/uview-plus-3.1.37.tgz",
      "integrity": "sha512-jY8Hiq0P/1KhEQNf9+2OwjVbORZN1Y6L0XJIgd/evLXjUTmRdjujxkN42AYlUyKZtbQTwQpE7W6gAYqgpYKCnw==",
      "requires": {
        "clipboard": "^2.0.11",
        "dayjs": "^1.11.3"
      }
    },
    "vue": {
      "version": "3.4.34",
      "resolved": "https://registry.npmmirror.com/vue/-/vue-3.4.34.tgz",
      "integrity": "sha512-VZze05HWlA3ItreQ/ka7Sx7PoD0/3St8FEiSlSTVgb6l4hL+RjtP2/8g5WQBzZgyf8WG2f+g1bXzC7zggLhAJA==",
      "peer": true,
      "requires": {
        "@vue/compiler-dom": "3.4.34",
        "@vue/compiler-sfc": "3.4.34",
        "@vue/runtime-dom": "3.4.34",
        "@vue/server-renderer": "3.4.34",
        "@vue/shared": "3.4.34"
      }
    },
    "vue-demi": {
      "version": "0.14.6",
      "resolved": "https://registry.npmmirror.com/vue-demi/-/vue-demi-0.14.6.tgz",
      "integrity": "sha512-8QA7wrYSHKaYgUxDA5ZC24w+eHm3sYCbp0EzcDwKqN3p6HqtTCGR/GVsPyZW92unff4UlcSh++lmqDWN3ZIq4w==",
      "requires": {}
    },
    "vue-i18n": {
      "version": "9.14.0",
      "resolved": "https://registry.npmmirror.com/vue-i18n/-/vue-i18n-9.14.0.tgz",
      "integrity": "sha512-LxmpRuCt2rI8gqU+kxeflRZMQn4D5+4M3oP3PWZdowW/ePJraHqhF7p4CuaME52mUxdw3Mmy2yAUKgfZYgCRjA==",
      "requires": {
        "@intlify/core-base": "9.14.0",
        "@intlify/shared": "9.14.0",
        "@vue/devtools-api": "^6.5.0"
      }
    },
    "weixin-js-sdk": {
      "version": "1.6.0",
      "resolved": "https://registry.npmmirror.com/weixin-js-sdk/-/weixin-js-sdk-1.6.0.tgz",
      "integrity": "sha512-3IYQH7aalJGFJrwdT3epvTdR1MboMiH7vIZ5BRL2eYOJ12BNah7csoMkmSZzkq1+l92sSq29XdTCVjCJoK2sBQ=="
    }
  }
}
